{
  "requires": true,
  "lockfileVersion": 1,
  "dependencies": {
    "fig": {
      "version": "1.0.0",
      "resolved": "https://registry.npmjs.org/fig/-/fig-1.0.0.tgz",
      "integrity": "sha512-YzXHblB7ZWCEf2wXNRcmmwxeP3ZvNVRW0D+cTJVh/GM4o4GjsZKXPsooDzrm0A0D75roaFWRr9hUJxyw45YT9g=="
    }
  }
}
